<?xml version="1.0" encoding="utf-8"?>
<Project ToolsVersion="4.0" xmlns="http://schemas.microsoft.com/developer/msbuild/2003">
  <ItemGroup>
    <Filter Include="Source Files">
      <UniqueIdentifier>{4FC737F1-C7A5-4376-A066-2A32D752A2FF}</UniqueIdentifier>
      <Extensions>cpp;c;cc;cxx;def;odl;idl;hpj;bat;asm;asmx</Extensions>
    </Filter>
    <Filter Include="Header Files">
      <UniqueIdentifier>{93995380-89BD-4b04-88EB-625FBE52EBFB}</UniqueIdentifier>
      <Extensions>h;hh;hpp;hxx;hm;inl;inc;xsd</Extensions>
    </Filter>
    <Filter Include="Resource Files">
      <UniqueIdentifier>{67DA6AB6-F800-4c08-8B7A-83BB121AAD01}</UniqueIdentifier>
      <Extensions>rc;ico;cur;bmp;dlg;rc2;rct;bin;rgs;gif;jpg;jpeg;jpe;resx;tiff;tif;png;wav;mfcribbon-ms</Extensions>
    </Filter>
    <Filter Include="Header Files\Object FIle Loader">
      <UniqueIdentifier>{9905516f-6222-4adc-afa4-b16d5c99aed7}</UniqueIdentifier>
    </Filter>
    <Filter Include="Header Files\Shader">
      <UniqueIdentifier>{acf359d0-36c3-4b3d-9243-0acb996dba4e}</UniqueIdentifier>
    </Filter>
    <Filter Include="Header Files\HLSL">
      <UniqueIdentifier>{86975e48-7f65-4be3-951d-ef1f26dea5a5}</UniqueIdentifier>
    </Filter>
    <Filter Include="Header Files\HLSL\Ray Tracing">
      <UniqueIdentifier>{e706d2ac-1a96-4782-b617-c85f463940cf}</UniqueIdentifier>
    </Filter>
    <Filter Include="Source Files\Object File Loader">
      <UniqueIdentifier>{0d80a199-a551-4557-8d56-27bd31819e0c}</UniqueIdentifier>
    </Filter>
    <Filter Include="Header Files\HLSL\Ray Tracing\Radix Sort">
      <UniqueIdentifier>{da398bd8-7193-48a5-a2dc-e7a722153ca3}</UniqueIdentifier>
    </Filter>
    <Filter Include="Header Files\HLSL\Ray Tracing\BVH Construction">
      <UniqueIdentifier>{1227037a-77af-49e0-8acf-59c19de73aa0}</UniqueIdentifier>
    </Filter>
    <Filter Include="Source Files\TestData">
      <UniqueIdentifier>{d5bbfd26-8e01-4c9f-84db-8f1eecaed2b8}</UniqueIdentifier>
    </Filter>
    <Filter Include="Header Files\HLSL\Ray Tracing\Traversal">
      <UniqueIdentifier>{a0020a27-8e3b-4375-9adb-f488649e4ae5}</UniqueIdentifier>
    </Filter>
    <Filter Include="Header Files\HLSL\Ray Tracing\TMP">
      <UniqueIdentifier>{57bbee66-2902-4f7d-a1f1-f9a1ae56ec0a}</UniqueIdentifier>
    </Filter>
    <Filter Include="Source Files\Image">
      <UniqueIdentifier>{0a8fc937-aa12-439b-b5bc-c92b653a42ec}</UniqueIdentifier>
    </Filter>
  </ItemGroup>
  <ItemGroup>
    <ClCompile Include="main.cpp">
      <Filter>Source Files</Filter>
    </ClCompile>
    <ClCompile Include="Window.cpp">
      <Filter>Source Files</Filter>
    </ClCompile>
    <ClCompile Include="Manager.cpp">
      <Filter>Source Files</Filter>
    </ClCompile>
    <ClCompile Include="Graphics.cpp">
      <Filter>Source Files</Filter>
    </ClCompile>
    <ClCompile Include="Shader.cpp">
      <Filter>Header Files\Shader</Filter>
    </ClCompile>
    <ClCompile Include="ObjectFileLoader.cpp">
      <Filter>Source Files\Object File Loader</Filter>
    </ClCompile>
    <ClCompile Include="TestData.cpp">
      <Filter>Source Files\TestData</Filter>
    </ClCompile>
    <ClCompile Include="SaveBMP.cpp">
      <Filter>Header Files\Shader</Filter>
    </ClCompile>
    <ClCompile Include="Image.cpp">
      <Filter>Source Files\Image</Filter>
    </ClCompile>
  </ItemGroup>
  <ItemGroup>
    <ClInclude Include="Window.h">
      <Filter>Header Files</Filter>
    </ClInclude>
    <ClInclude Include="Manager.h">
      <Filter>Header Files</Filter>
    </ClInclude>
    <ClInclude Include="d3dx12.h">
      <Filter>Header Files</Filter>
    </ClInclude>
    <ClInclude Include="ObjectFileLoader.h">
      <Filter>Header Files\Object FIle Loader</Filter>
    </ClInclude>
    <ClInclude Include="Shader.h">
      <Filter>Header Files\Shader</Filter>
    </ClInclude>
    <ClInclude Include="Graphics.h">
      <Filter>Header Files</Filter>
    </ClInclude>
    <ClInclude Include="Helper.h">
      <Filter>Header Files</Filter>
    </ClInclude>
    <ClInclude Include="TestData.h">
      <Filter>Source Files\TestData</Filter>
    </ClInclude>
    <ClInclude Include="SaveBMP.h">
      <Filter>Header Files\Shader</Filter>
    </ClInclude>
    <ClInclude Include="Image.h">
      <Filter>Source Files\Image</Filter>
    </ClInclude>
  </ItemGroup>
  <ItemGroup>
    <FxCompile Include="RayTraceBVHPS.hlsl">
      <Filter>Header Files\HLSL\Ray Tracing</Filter>
    </FxCompile>
    <FxCompile Include="RayTraceBVHVS.hlsl">
      <Filter>Header Files\HLSL\Ray Tracing</Filter>
    </FxCompile>
    <FxCompile Include="RadixSortP2.hlsl">
      <Filter>Header Files\HLSL\Ray Tracing\Radix Sort</Filter>
    </FxCompile>
    <FxCompile Include="BVHConstructP2.hlsl">
      <Filter>Header Files\HLSL\Ray Tracing\BVH Construction</Filter>
    </FxCompile>
    <FxCompile Include="BVHConstructP1.hlsl">
      <Filter>Header Files\HLSL\Ray Tracing\BVH Construction</Filter>
    </FxCompile>
    <FxCompile Include="RadixSortP1.hlsl">
      <Filter>Header Files\HLSL\Ray Tracing\Radix Sort</Filter>
    </FxCompile>
    <FxCompile Include="RayTraceTraversal.hlsl">
      <Filter>Header Files\HLSL\Ray Tracing\Traversal</Filter>
    </FxCompile>
    <FxCompile Include="MortonCodes.hlsl">
      <Filter>Header Files\HLSL\Ray Tracing\Radix Sort</Filter>
    </FxCompile>
    <FxCompile Include="SRVTest.hlsl">
      <Filter>Header Files\HLSL\Ray Tracing\TMP</Filter>
    </FxCompile>
  </ItemGroup>
  <ItemGroup>
    <None Include="ErrorGlobal.hlsl">
      <Filter>Header Files\HLSL\Ray Tracing</Filter>
    </None>
    <None Include="RayTraceGlobal.hlsl">
      <Filter>Header Files\HLSL\Ray Tracing</Filter>
    </None>
    <None Include="RayTraceRender.hlsl">
      <Filter>Header Files\HLSL\Ray Tracing\Traversal</Filter>
    </None>
    <None Include="RayTraceHelper.hlsl">
      <Filter>Header Files\HLSL\Ray Tracing\Traversal</Filter>
    </None>
  </ItemGroup>
</Project>