
Microsoft Visual Studio Solution File, Format Version 12.00
# Visual Studio 14
VisualStudioVersion = 14.0.24720.0
MinimumVisualStudioVersion = 10.0.40219.1
Project("{8BC9CEB8-8B4A-11D0-8D11-00A0C91BC942}") = "ShaderSim", "ShaderSim\ShaderSim.vcxproj", "{0B3B69DA-A128-4DC2-9B9C-7F61D19CC7D9}"
EndProject
Global
	GlobalSection(SolutionConfigurationPlatforms) = preSolution
		Debug|x64 = Debug|x64
		Debug|x86 = Debug|x86
		Release|x64 = Release|x64
		Release|x86 = Release|x86
	EndGlobalSection
	GlobalSection(ProjectConfigurationPlatforms) = postSolution
		{0B3B69DA-A128-4DC2-9B9C-7F61D19CC7D9}.Debug|x64.ActiveCfg = Debug|x64
		{0B3B69DA-A128-4DC2-9B9C-7F61D19CC7D9}.Debug|x64.Build.0 = Debug|x64
		{0B3B69DA-A128-4DC2-9B9C-7F61D19CC7D9}.Debug|x86.ActiveCfg = Debug|Win32
		{0B3B69DA-A128-4DC2-9B9C-7F61D19CC7D9}.Debug|x86.Build.0 = Debug|Win32
		{0B3B69DA-A128-4DC2-9B9C-7F61D19CC7D9}.Release|x64.ActiveCfg = Release|x64
		{0B3B69DA-A128-4DC2-9B9C-7F61D19CC7D9}.Release|x64.Build.0 = Release|x64
		{0B3B69DA-A128-4DC2-9B9C-7F61D19CC7D9}.Release|x86.ActiveCfg = Release|Win32
		{0B3B69DA-A128-4DC2-9B9C-7F61D19CC7D9}.Release|x86.Build.0 = Release|Win32
	EndGlobalSection
	GlobalSection(SolutionProperties) = preSolution
		HideSolutionNode = FALSE
	EndGlobalSection
EndGlobal
